
Microsoft Visual Studio Solution File, Format Version 12.00
# Visual Studio Version 17
VisualStudioVersion = 17.9.34723.18
MinimumVisualStudioVersion = 10.0.40219.1
Project("{FAE04EC0-301F-11D3-BF4B-00C04F79EFBC}") = "ApiTestApp", "ApiTestApp\ApiTestApp.csproj", "{9664204C-21D5-4AAB-BAA9-8B7A907DD2B3}"
EndProject
Global
	GlobalSection(SolutionConfigurationPlatforms) = preSolution
		Debug|Any CPU = Debug|Any CPU
		Release|Any CPU = Release|Any CPU
	EndGlobalSection
	GlobalSection(ProjectConfigurationPlatforms) = postSolution
		{9664204C-21D5-4AAB-BAA9-8B7A907DD2B3}.Debug|Any CPU.ActiveCfg = Debug|Any CPU
		{9664204C-21D5-4AAB-BAA9-8B7A907DD2B3}.Debug|Any CPU.Build.0 = Debug|Any CPU
		{9664204C-21D5-4AAB-BAA9-8B7A907DD2B3}.Release|Any CPU.ActiveCfg = Release|Any CPU
		{9664204C-21D5-4AAB-BAA9-8B7A907DD2B3}.Release|Any CPU.Build.0 = Release|Any CPU
	EndGlobalSection
	GlobalSection(SolutionProperties) = preSolution
		HideSolutionNode = FALSE
	EndGlobalSection
	GlobalSection(ExtensibilityGlobals) = postSolution
		SolutionGuid = {6D3316F3-AF0A-4DE7-975F-3B9D9A3275F5}
	EndGlobalSection
EndGlobal
